// !$*UTF8*$!
{
	archiveVersion = 1;
	classes = {
	};
	objectVersion = 46;
	objects = {

/* Begin PBXBuildFile section */
		872EF7951EBD1C7300FF08E3 /* AppDelegate.swift in Sources */ = {isa = PBXBuildFile; fileRef = 872EF7941EBD1C7300FF08E3 /* AppDelegate.swift */; };
		872EF7971EBD1C7300FF08E3 /* ViewController.swift in Sources */ = {isa = PBXBuildFile; fileRef = 872EF7961EBD1C7300FF08E3 /* ViewController.swift */; };
		872EF79A1EBD1C7300FF08E3 /* Main.storyboard in Resources */ = {isa = PBXBuildFile; fileRef = 872EF7981EBD1C7300FF08E3 /* Main.storyboard */; };
		872EF79D1EBD1C7300FF08E3 /* Cuts.xcdatamodeld in Sources */ = {isa = PBXBuildFile; fileRef = 872EF79B1EBD1C7300FF08E3 /* Cuts.xcdatamodeld */; };
		872EF79F1EBD1C7300FF08E3 /* Assets.xcassets in Resources */ = {isa = PBXBuildFile; fileRef = 872EF79E1EBD1C7300FF08E3 /* Assets.xcassets */; };
		872EF7A21EBD1C7300FF08E3 /* LaunchScreen.storyboard in Resources */ = {isa = PBXBuildFile; fileRef = 872EF7A01EBD1C7300FF08E3 /* LaunchScreen.storyboard */; };
		877DCFF11EC10C740095A727 /* ArtistryModel.swift in Sources */ = {isa = PBXBuildFile; fileRef = 877DCFF01EC10C740095A727 /* ArtistryModel.swift */; };
		877DCFF31EC10D190095A727 /* BusinessesViewController.swift in Sources */ = {isa = PBXBuildFile; fileRef = 877DCFF21EC10D190095A727 /* BusinessesViewController.swift */; };
		877DCFF51EC10ECF0095A727 /* BusinessDetailsViewController.swift in Sources */ = {isa = PBXBuildFile; fileRef = 877DCFF41EC10ECF0095A727 /* BusinessDetailsViewController.swift */; };
		877DCFF71EC1181D0095A727 /* SecretYelpStuff.swift in Sources */ = {isa = PBXBuildFile; fileRef = 877DCFF61EC1181D0095A727 /* SecretYelpStuff.swift */; };
/* End PBXBuildFile section */

/* Begin PBXFileReference section */
		872EF7911EBD1C7300FF08E3 /* Cuts.app */ = {isa = PBXFileReference; explicitFileType = wrapper.application; includeInIndex = 0; path = Cuts.app; sourceTree = BUILT_PRODUCTS_DIR; };
		872EF7941EBD1C7300FF08E3 /* AppDelegate.swift */ = {isa = PBXFileReference; lastKnownFileType = sourcecode.swift; path = AppDelegate.swift; sourceTree = "<group>"; };
		872EF7961EBD1C7300FF08E3 /* ViewController.swift */ = {isa = PBXFileReference; lastKnownFileType = sourcecode.swift; path = ViewController.swift; sourceTree = "<group>"; };
		872EF7991EBD1C7300FF08E3 /* Base */ = {isa = PBXFileReference; lastKnownFileType = file.storyboard; name = Base; path = Base.lproj/Main.storyboard; sourceTree = "<group>"; };
		872EF79C1EBD1C7300FF08E3 /* Cuts.xcdatamodel */ = {isa = PBXFileReference; lastKnownFileType = wrapper.xcdatamodel; path = Cuts.xcdatamodel; sourceTree = "<group>"; };
		872EF79E1EBD1C7300FF08E3 /* Assets.xcassets */ = {isa = PBXFileReference; lastKnownFileType = folder.assetcatalog; path = Assets.xcassets; sourceTree = "<group>"; };
		872EF7A11EBD1C7300FF08E3 /* Base */ = {isa = PBXFileReference; lastKnownFileType = file.storyboard; name = Base; path = Base.lproj/LaunchScreen.storyboard; sourceTree = "<group>"; };
		872EF7A31EBD1C7300FF08E3 /* Info.plist */ = {isa = PBXFileReference; lastKnownFileType = text.plist.xml; path = Info.plist; sourceTree = "<group>"; };
		877DCFF01EC10C740095A727 /* ArtistryModel.swift */ = {isa = PBXFileReference; fileEncoding = 4; lastKnownFileType = sourcecode.swift; name = ArtistryModel.swift; path = ../ArtistryModel.swift; sourceTree = "<group>"; };
		877DCFF21EC10D190095A727 /* BusinessesViewController.swift */ = {isa = PBXFileReference; fileEncoding = 4; lastKnownFileType = sourcecode.swift; name = BusinessesViewController.swift; path = ../BusinessesViewController.swift; sourceTree = "<group>"; };
		877DCFF41EC10ECF0095A727 /* BusinessDetailsViewController.swift */ = {isa = PBXFileReference; fileEncoding = 4; lastKnownFileType = sourcecode.swift; path = BusinessDetailsViewController.swift; sourceTree = "<group>"; };
		877DCFF61EC1181D0095A727 /* SecretYelpStuff.swift */ = {isa = PBXFileReference; fileEncoding = 4; lastKnownFileType = sourcecode.swift; path = SecretYelpStuff.swift; sourceTree = "<group>"; };
/* End PBXFileReference section */

/* Begin PBXFrameworksBuildPhase section */
		872EF78E1EBD1C7300FF08E3 /* Frameworks */ = {
			isa = PBXFrameworksBuildPhase;
			buildActionMask = 2147483647;
			files = (
			);
			runOnlyForDeploymentPostprocessing = 0;
		};
/* End PBXFrameworksBuildPhase section */

/* Begin PBXGroup section */
		872EF7881EBD1C7300FF08E3 = {
			isa = PBXGroup;
			children = (
				872EF7931EBD1C7300FF08E3 /* Cuts */,
				872EF7921EBD1C7300FF08E3 /* Products */,
			);
			sourceTree = "<group>";
		};
		872EF7921EBD1C7300FF08E3 /* Products */ = {
			isa = PBXGroup;
			children = (
				872EF7911EBD1C7300FF08E3 /* Cuts.app */,
			);
			name = Products;
			sourceTree = "<group>";
		};
		872EF7931EBD1C7300FF08E3 /* Cuts */ = {
			isa = PBXGroup;
			children = (
				872EF7941EBD1C7300FF08E3 /* AppDelegate.swift */,
				877DCFF21EC10D190095A727 /* BusinessesViewController.swift */,
				877DCFF41EC10ECF0095A727 /* BusinessDetailsViewController.swift */,
				877DCFF01EC10C740095A727 /* ArtistryModel.swift */,
				872EF7961EBD1C7300FF08E3 /* ViewController.swift */,
				877DCFF61EC1181D0095A727 /* SecretYelpStuff.swift */,
				872EF7981EBD1C7300FF08E3 /* Main.storyboard */,
				872EF79E1EBD1C7300FF08E3 /* Assets.xcassets */,
				872EF7A01EBD1C7300FF08E3 /* LaunchScreen.storyboard */,
				872EF7A31EBD1C7300FF08E3 /* Info.plist */,
				872EF79B1EBD1C7300FF08E3 /* Cuts.xcdatamodeld */,
			);
			path = Cuts;
			sourceTree = "<group>";
		};
/* End PBXGroup section */

/* Begin PBXNativeTarget section */
		872EF7901EBD1C7300FF08E3 /* Cuts */ = {
			isa = PBXNativeTarget;
			buildConfigurationList = 872EF7A61EBD1C7300FF08E3 /* Build configuration list for PBXNativeTarget "Cuts" */;
			buildPhases = (
				872EF78D1EBD1C7300FF08E3 /* Sources */,
				872EF78E1EBD1C7300FF08E3 /* Frameworks */,
				872EF78F1EBD1C7300FF08E3 /* Resources */,
			);
			buildRules = (
			);
			dependencies = (
			);
			name = Cuts;
			productName = Cuts;
			productReference = 872EF7911EBD1C7300FF08E3 /* Cuts.app */;
			productType = "com.apple.product-type.application";
		};
/* End PBXNativeTarget section */

/* Begin PBXProject section */
		872EF7891EBD1C7300FF08E3 /* Project object */ = {
			isa = PBXProject;
			attributes = {
				LastSwiftUpdateCheck = 0830;
				LastUpgradeCheck = 0830;
				ORGANIZATIONNAME = "Rodrigo Lee";
				TargetAttributes = {
					872EF7901EBD1C7300FF08E3 = {
						CreatedOnToolsVersion = 8.3.2;
						DevelopmentTeam = WW3N826G5D;
						ProvisioningStyle = Automatic;
					};
				};
			};
			buildConfigurationList = 872EF78C1EBD1C7300FF08E3 /* Build configuration list for PBXProject "Cuts" */;
			compatibilityVersion = "Xcode 3.2";
			developmentRegion = English;
			hasScannedForEncodings = 0;
			knownRegions = (
				en,
				Base,
			);
			mainGroup = 872EF7881EBD1C7300FF08E3;
			productRefGroup = 872EF7921EBD1C7300FF08E3 /* Products */;
			projectDirPath = "";
			projectRoot = "";
			targets = (
				872EF7901EBD1C7300FF08E3 /* Cuts */,
			);
		};
/* End PBXProject section */

/* Begin PBXResourcesBuildPhase section */
		872EF78F1EBD1C7300FF08E3 /* Resources */ = {
			isa = PBXResourcesBuildPhase;
			buildActionMask = 2147483647;
			files = (
				872EF7A21EBD1C7300FF08E3 /* LaunchScreen.storyboard in Resources */,
				872EF79F1EBD1C7300FF08E3 /* Assets.xcassets in Resources */,
				872EF79A1EBD1C7300FF08E3 /* Main.storyboard in Resources */,
			);
			runOnlyForDeploymentPostprocessing = 0;
		};
/* End PBXResourcesBuildPhase section */

/* Begin PBXSourcesBuildPhase section */
		872EF78D1EBD1C7300FF08E3 /* Sources */ = {
			isa = PBXSourcesBuildPhase;
			buildActionMask = 2147483647;
			files = (
				872EF79D1EBD1C7300FF08E3 /* Cuts.xcdatamodeld in Sources */,
				877DCFF11EC10C740095A727 /* ArtistryModel.swift in Sources */,
				872EF7971EBD1C7300FF08E3 /* ViewController.swift in Sources */,
				877DCFF51EC10ECF0095A727 /* BusinessDetailsViewController.swift in Sources */,
				877DCFF71EC1181D0095A727 /* SecretYelpStuff.swift in Sources */,
				872EF7951EBD1C7300FF08E3 /* AppDelegate.swift in Sources */,
				877DCFF31EC10D190095A727 /* BusinessesViewController.swift in Sources */,
			);
			runOnlyForDeploymentPostprocessing = 0;
		};
/* End PBXSourcesBuildPhase section */

/* Begin PBXVariantGroup section */
		872EF7981EBD1C7300FF08E3 /* Main.storyboard */ = {
			isa = PBXVariantGroup;
			children = (
				872EF7991EBD1C7300FF08E3 /* Base */,
			);
			name = Main.storyboard;
			sourceTree = "<group>";
		};
		872EF7A01EBD1C7300FF08E3 /* LaunchScreen.storyboard */ = {
			isa = PBXVariantGroup;
			children = (
				872EF7A11EBD1C7300FF08E3 /* Base */,
			);
			name = LaunchScreen.storyboard;
			sourceTree = "<group>";
		};
/* End PBXVariantGroup section */

/* Begin XCBuildConfiguration section */
		872EF7A41EBD1C7300FF08E3 /* Debug */ = {
			isa = XCBuildConfiguration;
			buildSettings = {
				ALWAYS_SEARCH_USER_PATHS = NO;
				CLANG_ANALYZER_NONNULL = YES;
				CLANG_ANALYZER_NUMBER_OBJECT_CONVERSION = YES_AGGRESSIVE;
				CLANG_CXX_LANGUAGE_STANDARD = "gnu++0x";
				CLANG_CXX_LIBRARY = "libc++";
				CLANG_ENABLE_MODULES = YES;
				CLANG_ENABLE_OBJC_ARC = YES;
				CLANG_WARN_BOOL_CONVERSION = YES;
				CLANG_WARN_CONSTANT_CONVERSION = YES;
				CLANG_WARN_DIRECT_OBJC_ISA_USAGE = YES_ERROR;
				CLANG_WARN_DOCUMENTATION_COMMENTS = YES;
				CLANG_WARN_EMPTY_BODY = YES;
				CLANG_WARN_ENUM_CONVERSION = YES;
				CLANG_WARN_INFINITE_RECURSION = YES;
				CLANG_WARN_INT_CONVERSION = YES;
				CLANG_WARN_OBJC_ROOT_CLASS = YES_ERROR;
				CLANG_WARN_SUSPICIOUS_MOVE = YES;
				CLANG_WARN_UNREACHABLE_CODE = YES;
				CLANG_WARN__DUPLICATE_METHOD_MATCH = YES;
				"CODE_SIGN_IDENTITY[sdk=iphoneos*]" = "iPhone Developer";
				COPY_PHASE_STRIP = NO;
				DEBUG_INFORMATION_FORMAT = dwarf;
				ENABLE_STRICT_OBJC_MSGSEND = YES;
				ENABLE_TESTABILITY = YES;
				GCC_C_LANGUAGE_STANDARD = gnu99;
				GCC_DYNAMIC_NO_PIC = NO;
				GCC_NO_COMMON_BLOCKS = YES;
				GCC_OPTIMIZATION_LEVEL = 0;
				GCC_PREPROCESSOR_DEFINITIONS = (
					"DEBUG=1",
					"$(inherited)",
				);
				GCC_WARN_64_TO_32_BIT_CONVERSION = YES;
				GCC_WARN_ABOUT_RETURN_TYPE = YES_ERROR;
				GCC_WARN_UNDECLARED_SELECTOR = YES;
				GCC_WARN_UNINITIALIZED_AUTOS = YES_AGGRESSIVE;
				GCC_WARN_UNUSED_FUNCTION = YES;
				GCC_WARN_UNUSED_VARIABLE = YES;
				IPHONEOS_DEPLOYMENT_TARGET = 10.3;
				MTL_ENABLE_DEBUG_INFO = YES;
				ONLY_ACTIVE_ARCH = YES;
				SDKROOT = iphoneos;
				SWIFT_ACTIVE_COMPILATION_CONDITIONS = DEBUG;
				SWIFT_OPTIMIZATION_LEVEL = "-Onone";
				TARGETED_DEVICE_FAMILY = "1,2";
			};
			name = Debug;
		};
		872EF7A51EBD1C7300FF08E3 /* Release */ = {
			isa = XCBuildConfiguration;
			buildSettings = {
				ALWAYS_SEARCH_USER_PATHS = NO;
				CLANG_ANALYZER_NONNULL = YES;
				CLANG_ANALYZER_NUMBER_OBJECT_CONVERSION = YES_AGGRESSIVE;
				CLANG_CXX_LANGUAGE_STANDARD = "gnu++0x";
				CLANG_CXX_LIBRARY = "libc++";
				CLANG_ENABLE_MODULES = YES;
				CLANG_ENABLE_OBJC_ARC = YES;
				CLANG_WARN_BOOL_CONVERSION = YES;
				CLANG_WARN_CONSTANT_CONVERSION = YES;
				CLANG_WARN_DIRECT_OBJC_ISA_USAGE = YES_ERROR;
				CLANG_WARN_DOCUMENTATION_COMMENTS = YES;
				CLANG_WARN_EMPTY_BODY = YES;
				CLANG_WARN_ENUM_CONVERSION = YES;
				CLANG_WARN_INFINITE_RECURSION = YES;
				CLANG_WARN_INT_CONVERSION = YES;
				CLANG_WARN_OBJC_ROOT_CLASS = YES_ERROR;
				CLANG_WARN_SUSPICIOUS_MOVE = YES;
				CLANG_WARN_UNREACHABLE_CODE = YES;
				CLANG_WARN__DUPLICATE_METHOD_MATCH = YES;
				"CODE_SIGN_IDENTITY[sdk=iphoneos*]" = "iPhone Developer";
				COPY_PHASE_STRIP = NO;
				DEBUG_INFORMATION_FORMAT = "dwarf-with-dsym";
				ENABLE_NS_ASSERTIONS = NO;
				ENABLE_STRICT_OBJC_MSGSEND = YES;
				GCC_C_LANGUAGE_STANDARD = gnu99;
				GCC_NO_COMMON_BLOCKS = YES;
				GCC_WARN_64_TO_32_BIT_CONVERSION = YES;
				GCC_WARN_ABOUT_RETURN_TYPE = YES_ERROR;
				GCC_WARN_UNDECLARED_SELECTOR = YES;
				GCC_WARN_UNINITIALIZED_AUTOS = YES_AGGRESSIVE;
				GCC_WARN_UNUSED_FUNCTION = YES;
				GCC_WARN_UNUSED_VARIABLE = YES;
				IPHONEOS_DEPLOYMENT_TARGET = 10.3;
				MTL_ENABLE_DEBUG_INFO = NO;
				SDKROOT = iphoneos;
				SWIFT_OPTIMIZATION_LEVEL = "-Owholemodule";
				TARGETED_DEVICE_FAMILY = "1,2";
				VALIDATE_PRODUCT = YES;
			};
			name = Release;
		};
		872EF7A71EBD1C7300FF08E3 /* Debug */ = {
			isa = XCBuildConfiguration;
			buildSettings = {
				ASSETCATALOG_COMPILER_APPICON_NAME = AppIcon;
				DEVELOPMENT_TEAM = WW3N826G5D;
				INFOPLIST_FILE = Cuts/Info.plist;
				LD_RUNPATH_SEARCH_PATHS = "$(inherited) @executable_path/Frameworks";
				PRODUCT_BUNDLE_IDENTIFIER = "com.Cuts-protoype";
				PRODUCT_NAME = "$(TARGET_NAME)";
				SWIFT_VERSION = 3.0;
			};
			name = Debug;
		};
		872EF7A81EBD1C7300FF08E3 /* Release */ = {
			isa = XCBuildConfiguration;
			buildSettings = {
				ASSETCATALOG_COMPILER_APPICON_NAME = AppIcon;
				DEVELOPMENT_TEAM = WW3N826G5D;
				INFOPLIST_FILE = Cuts/Info.plist;
				LD_RUNPATH_SEARCH_PATHS = "$(inherited) @executable_path/Frameworks";
				PRODUCT_BUNDLE_IDENTIFIER = "com.Cuts-protoype";
				PRODUCT_NAME = "$(TARGET_NAME)";
				SWIFT_VERSION = 3.0;
			};
			name = Release;
		};
/* End XCBuildConfiguration section */

/* Begin XCConfigurationList section */
		872EF78C1EBD1C7300FF08E3 /* Build configuration list for PBXProject "Cuts" */ = {
			isa = XCConfigurationList;
			buildConfigurations = (
				872EF7A41EBD1C7300FF08E3 /* Debug */,
				872EF7A51EBD1C7300FF08E3 /* Release */,
			);
			defaultConfigurationIsVisible = 0;
			defaultConfigurationName = Release;
		};
		872EF7A61EBD1C7300FF08E3 /* Build configuration list for PBXNativeTarget "Cuts" */ = {
			isa = XCConfigurationList;
			buildConfigurations = (
				872EF7A71EBD1C7300FF08E3 /* Debug */,
				872EF7A81EBD1C7300FF08E3 /* Release */,
			);
			defaultConfigurationIsVisible = 0;
			defaultConfigurationName = Release;
		};
/* End XCConfigurationList section */

/* Begin XCVersionGroup section */
		872EF79B1EBD1C7300FF08E3 /* Cuts.xcdatamodeld */ = {
			isa = XCVersionGroup;
			children = (
				872EF79C1EBD1C7300FF08E3 /* Cuts.xcdatamodel */,
			);
			currentVersion = 872EF79C1EBD1C7300FF08E3 /* Cuts.xcdatamodel */;
			path = Cuts.xcdatamodeld;
			sourceTree = "<group>";
			versionGroupType = wrapper.xcdatamodel;
		};
/* End XCVersionGroup section */
	};
	rootObject = 872EF7891EBD1C7300FF08E3 /* Project object */;
}
